{
  "version": 4,
  "terraform_version": "1.15.8",
  "serial": 8,
  "lineage": "a45100da-0284-122a-edfc-e0f080921d3a",
  "outputs": {
    "connection_name": {
      "value": "database-502018:us-central1:postgres-minimal",
      "type": "string"
    },
    "database_name": {
      "value": "appdb",
      "type": "string"
    },
    "db_password": {
      "value": "e2\u0026Voxt:@kM4_4!MY*bQ",
      "type": "string",
      "sensitive": true
    },
    "db_user": {
      "value": "appuser",
      "type": "string"
    },
    "instance_name": {
      "value": "postgres-minimal",
      "type": "string"
    }
  },
  "resources": [
    {
      "mode": "managed",
      "type": "google_project_service",
      "name": "sqladmin",
      "provider": "provider[\"registry.terraform.io/hashicorp/google\"]",
      "instances": [
        {
          "schema_version": 0,
          "attributes": {
            "deletion_policy": "DELETE",
            "disable_dependent_services": null,
            "disable_on_destroy": false,
            "id": "database-502018/sqladmin.googleapis.com",
            "project": "database-502018",
            "service": "sqladmin.googleapis.com",
            "timeouts": null
          },
          "sensitive_attributes": [],
          "identity_schema_version": 1,
          "identity": {
            "project": "database-502018",
            "service": "sqladmin.googleapis.com"
          },
          "private": "eyJlMmJmYjczMC1lY2FhLTExZTYtOGY4OC0zNDM2M2JjN2M0YzAiOnsiY3JlYXRlIjoxMjAwMDAwMDAwMDAwLCJkZWxldGUiOjEyMDAwMDAwMDAwMDAsInJlYWQiOjYwMDAwMDAwMDAwMCwidXBkYXRlIjoxMjAwMDAwMDAwMDAwfX0="
        }
      ]
    },
    {
      "mode": "managed",
      "type": "google_sql_database",
      "name": "database",
      "provider": "provider[\"registry.terraform.io/hashicorp/google\"]",
      "instances": [
        {
          "schema_version": 0,
          "attributes": {
            "charset": "UTF8",
            "collation": "en_US.UTF8",
            "deletion_policy": "DELETE",
            "id": "projects/database-502018/instances/postgres-minimal/databases/appdb",
            "instance": "postgres-minimal",
            "name": "appdb",
            "project": "database-502018",
            "self_link": "https://sqladmin.googleapis.com/sql/v1beta4/projects/database-502018/instances/postgres-minimal/databases/appdb",
            "timeouts": null
          },
          "sensitive_attributes": [],
          "identity_schema_version": 1,
          "identity": {
            "instance": "postgres-minimal",
            "name": "appdb",
            "project": "database-502018"
          },
          "private": "eyJlMmJmYjczMC1lY2FhLTExZTYtOGY4OC0zNDM2M2JjN2M0YzAiOnsiY3JlYXRlIjoxMjAwMDAwMDAwMDAwLCJkZWxldGUiOjEyMDAwMDAwMDAwMDAsInVwZGF0ZSI6MTIwMDAwMDAwMDAwMH19",
          "dependencies": [
            "google_project_service.sqladmin",
            "google_sql_database_instance.postgres"
          ]
        }
      ]
    },
    {
      "mode": "managed",
      "type": "google_sql_database_instance",
      "name": "postgres",
      "provider": "provider[\"registry.terraform.io/hashicorp/google\"]",
      "instances": [
        {
          "schema_version": 0,
          "attributes": {
            "available_maintenance_versions": [],
            "backupdr_backup": null,
            "clone": [],
            "connection_name": "database-502018:us-central1:postgres-minimal",
            "database_version": "POSTGRES_18",
            "deletion_policy": "DELETE",
            "deletion_protection": false,
            "dns_name": "",
            "dns_names": [],
            "encryption_key_name": null,
            "final_backup_description": null,
            "first_ip_address": "136.111.35.193",
            "id": "postgres-minimal",
            "instance_type": "CLOUD_SQL_INSTANCE",
            "ip_address": [
              {
                "ip_address": "136.111.35.193",
                "time_to_retire": "",
                "type": "PRIMARY"
              },
              {
                "ip_address": "34.28.19.214",
                "time_to_retire": "",
                "type": "OUTGOING"
              }
            ],
            "maintenance_version": "POSTGRES_18_4.R20260319.07_22",
            "master_instance_name": "",
            "name": "postgres-minimal",
            "node_count": 0,
            "point_in_time_restore_context": [],
            "private_ip_address": "",
            "project": "database-502018",
            "psc_service_attachment_link": "",
            "public_ip_address": "136.111.35.193",
            "region": "us-central1",
            "replica_configuration": [],
            "replica_names": [],
            "replication_cluster": [
              {
                "dr_replica": false,
                "failover_dr_replica_name": "",
                "psa_write_endpoint": ""
              }
            ],
            "restore_backup_context": [],
            "root_password": null,
            "root_password_wo": null,
            "root_password_wo_version": null,
            "self_link": "https://sqladmin.googleapis.com/sql/v1beta4/projects/database-502018/instances/postgres-minimal",
            "server_ca_cert": [
              {
                "cert": "-----BEGIN CERTIFICATE-----\nMIIDcTCCAlmgAwIBAgIBADANBgkqhkiG9w0BAQsFADBwMS0wKwYDVQQuEyRiZjcy\nY2U3NC1mOTgxLTQwMDctYTM0NC05NzU5ZmE4MzBjM2IxHDAaBgNVBAMTE0Nsb3Vk\nIFNRTCBTZXJ2ZXIgQ0ExFDASBgNVBAoTC0dvb2dsZSwgSW5jMQswCQYDVQQGEwJV\nUzAeFw0yNjA3MTIyMTAxNTFaFw0zNjA3MDkyMTAyNTFaMHAxLTArBgNVBC4TJGJm\nNzJjZTc0LWY5ODEtNDAwNy1hMzQ0LTk3NTlmYTgzMGMzYjEcMBoGA1UEAxMTQ2xv\ndWQgU1FMIFNlcnZlciBDQTEUMBIGA1UEChMLR29vZ2xlLCBJbmMxCzAJBgNVBAYT\nAlVTMIIBIjANBgkqhkiG9w0BAQEFAAOCAQ8AMIIBCgKCAQEAu05oAusgJbMt2wPw\nJaU20uE8GA5/k/vX8T25uw1iAxn8B3adSfCmkXmjW+fDnTQuah6tx04cs8WbIQWC\nUhegkBgTxFxcvV29MfhUiE+2M2rF2OiqWl/lpeAVYBV6W8+ovVu/Fan9nyYRxgTa\nz2fN9D+OFv0V3gPBkOMvclgFQ4Nm66Dlc68FgImmjB+V53RpN1trvJg2VicZ8686\n2br36ucL3zjKMKKtdZwrWaaYszW1zxmHWvPOnqKCKd0MHSrno1JL5KdlekBk5Yrh\nacs0AXFGpbPqjmTaxBMFJ81g5lLx5ktE5+ZCIk6KwN5LRT2FcEYMVxjfqqTW15oL\nhPKE1wIDAQABoxYwFDASBgNVHRMBAf8ECDAGAQH/AgEAMA0GCSqGSIb3DQEBCwUA\nA4IBAQB7MCIDEy9s/jjnlkMxup26b0Q7BVs41YFvk1NV/U0ym+DKNj/iQtF0xkrg\nEK+fj8We+0vHvl3JiK1I6v/nQqZXum8PXSkFH1H69PfF3P/N9SUxD0AA+8OD4j5O\nX/hQVU0Mi7BNHnStqgIyoqepVAYuk9AGKwDIpTY7KLiGomivyoASbjF6gQ6B54MG\ndVOgmELUMqfbt3qIUnPLF4HdCZXex+zDCBBhIIEElvrH335OXVNYTjVJmiIPlNCl\nQZH0qO8L7qG2/qpkjRFk9OxFuLdA/d3+Ybxl7ijl/CVRO/qV4C8ZG5537HKi2gBn\nvuYMRrqD97kTZdj0YtA6MOhrrq7a\n-----END CERTIFICATE-----",
                "common_name": "C=US,O=Google\\, Inc,CN=Cloud SQL Server CA,dnQualifier=bf72ce74-f981-4007-a344-9759fa830c3b",
                "create_time": "2026-07-12T21:01:51.763Z",
                "expiration_time": "2036-07-09T21:02:51.763Z",
                "sha1_fingerprint": "3a410c18bc1f9c66db6d691edde8da60bcd2ac68"
              }
            ],
            "service_account_email_address": "p227773001803-qq0gw6@gcp-sa-cloud-sql.iam.gserviceaccount.com",
            "settings": [
              {
                "activation_policy": "ALWAYS",
                "active_directory_config": [],
                "advanced_machine_features": [],
                "auto_upgrade_enabled": false,
                "availability_type": "ZONAL",
                "backup_configuration": [
                  {
                    "backup_retention_settings": [
                      {
                        "retained_backups": 7,
                        "retention_unit": "COUNT"
                      }
                    ],
                    "backup_tier": "STANDARD",
                    "binary_log_enabled": false,
                    "enabled": false,
                    "location": "",
                    "point_in_time_recovery_enabled": false,
                    "start_time": "13:00",
                    "transaction_log_retention_days": 7
                  }
                ],
                "collation": "",
                "connection_pool_config": [],
                "connector_enforcement": "NOT_REQUIRED",
                "data_api_access": "",
                "data_cache_config": [
                  {
                    "data_cache_enabled": false
                  }
                ],
                "data_disk_provisioned_iops": 0,
                "data_disk_provisioned_throughput": 0,
                "database_flags": [],
                "deletion_protection_enabled": false,
                "deny_maintenance_period": [],
                "disk_autoresize": true,
                "disk_autoresize_limit": 0,
                "disk_size": 10,
                "disk_type": "PD_SSD",
                "edition": "ENTERPRISE",
                "effective_availability_type": "ZONAL",
                "enable_dataplex_integration": false,
                "enable_google_ml_integration": false,
                "entraid_config": [],
                "final_backup_config": [],
                "insights_config": [],
                "ip_configuration": [
                  {
                    "allocated_ip_range": "",
                    "authorized_networks": [],
                    "custom_subject_alternative_names": null,
                    "enable_private_path_for_google_cloud_services": false,
                    "ipv4_enabled": true,
                    "private_network": "",
                    "psc_config": [],
                    "server_ca_mode": "GOOGLE_MANAGED_INTERNAL_CA",
                    "server_ca_pool": "",
                    "server_certificate_rotation_mode": "SERVER_CERTIFICATE_ROTATION_MODE_UNSPECIFIED",
                    "ssl_mode": "ALLOW_UNENCRYPTED_AND_ENCRYPTED"
                  }
                ],
                "location_preference": [
                  {
                    "follow_gae_application": "",
                    "secondary_zone": "",
                    "zone": "us-central1-c"
                  }
                ],
                "maintenance_window": [],
                "password_validation_policy": [],
                "pricing_plan": "PER_USE",
                "read_pool_auto_scale_config": [
                  {
                    "disable_scale_in": false,
                    "enabled": false,
                    "max_node_count": 0,
                    "min_node_count": 0,
                    "scale_in_cooldown_seconds": 0,
                    "scale_out_cooldown_seconds": 0,
                    "target_metrics": []
                  }
                ],
                "retain_backups_on_delete": false,
                "sql_server_audit_config": [],
                "tier": "db-f1-micro",
                "time_zone": "",
                "user_labels": {},
                "version": 1
              }
            ],
            "timeouts": null
          },
          "sensitive_attributes": [
            [
              {
                "type": "get_attr",
                "value": "root_password"
              }
            ],
            [
              {
                "type": "get_attr",
                "value": "server_ca_cert"
              }
            ]
          ],
          "identity_schema_version": 0,
          "private": "eyJlMmJmYjczMC1lY2FhLTExZTYtOGY4OC0zNDM2M2JjN2M0YzAiOnsiY3JlYXRlIjo1NDAwMDAwMDAwMDAwLCJkZWxldGUiOjU0MDAwMDAwMDAwMDAsInVwZGF0ZSI6NTQwMDAwMDAwMDAwMH19",
          "dependencies": [
            "google_project_service.sqladmin"
          ]
        }
      ]
    },
    {
      "mode": "managed",
      "type": "google_sql_user",
      "name": "user",
      "provider": "provider[\"registry.terraform.io/hashicorp/google\"]",
      "instances": [
        {
          "schema_version": 1,
          "attributes": {
            "database_roles": null,
            "deletion_policy": "DELETE",
            "host": "",
            "iam_email": "",
            "id": "appuser//postgres-minimal",
            "instance": "postgres-minimal",
            "name": "appuser",
            "password": "e2\u0026Voxt:@kM4_4!MY*bQ",
            "password_policy": [],
            "password_wo": null,
            "password_wo_version": null,
            "project": "database-502018",
            "sql_server_user_details": [],
            "timeouts": null,
            "type": ""
          },
          "sensitive_attributes": [
            [
              {
                "type": "get_attr",
                "value": "password"
              }
            ]
          ],
          "identity_schema_version": 0,
          "private": "eyJlMmJmYjczMC1lY2FhLTExZTYtOGY4OC0zNDM2M2JjN2M0YzAiOnsiY3JlYXRlIjo2MDAwMDAwMDAwMDAsImRlbGV0ZSI6NjAwMDAwMDAwMDAwLCJ1cGRhdGUiOjYwMDAwMDAwMDAwMH0sInNjaGVtYV92ZXJzaW9uIjoiMSJ9",
          "dependencies": [
            "google_project_service.sqladmin",
            "google_sql_database_instance.postgres",
            "random_password.db_password"
          ]
        }
      ]
    },
    {
      "mode": "managed",
      "type": "random_password",
      "name": "db_password",
      "provider": "provider[\"registry.terraform.io/hashicorp/random\"]",
      "instances": [
        {
          "schema_version": 3,
          "attributes": {
            "bcrypt_hash": "$2a$10$W/BFXvct.9QwPNYMoJQr3ebYvNuN32JMy9NpF6PJcr8Z5JC5gMt0K",
            "id": "none",
            "keepers": null,
            "length": 20,
            "lower": true,
            "min_lower": 0,
            "min_numeric": 0,
            "min_special": 0,
            "min_upper": 0,
            "number": true,
            "numeric": true,
            "override_special": null,
            "result": "e2\u0026Voxt:@kM4_4!MY*bQ",
            "special": true,
            "upper": true
          },
          "sensitive_attributes": [
            [
              {
                "type": "get_attr",
                "value": "bcrypt_hash"
              }
            ],
            [
              {
                "type": "get_attr",
                "value": "result"
              }
            ]
          ],
          "identity_schema_version": 0
        }
      ]
    }
  ],
  "check_results": null
}
